
Microsoft Visual Studio Solution File, Format Version 12.00
# Visual Studio Version 17
VisualStudioVersion = 17.5.33530.505
MinimumVisualStudioVersion = 10.0.40219.1
Project("{FAE04EC0-301F-11D3-BF4B-00C04F79EFBC}") = "IdentityApp1", "IdentityApp1\IdentityApp1.csproj", "{E1E43C2F-5482-443D-A381-6CA0AE8BC41B}"
EndProject
Global
	GlobalSection(SolutionConfigurationPlatforms) = preSolution
		Debug|Any CPU = Debug|Any CPU
		Release|Any CPU = Release|Any CPU
	EndGlobalSection
	GlobalSection(ProjectConfigurationPlatforms) = postSolution
		{E1E43C2F-5482-443D-A381-6CA0AE8BC41B}.Debug|Any CPU.ActiveCfg = Debug|Any CPU
		{E1E43C2F-5482-443D-A381-6CA0AE8BC41B}.Debug|Any CPU.Build.0 = Debug|Any CPU
		{E1E43C2F-5482-443D-A381-6CA0AE8BC41B}.Release|Any CPU.ActiveCfg = Release|Any CPU
		{E1E43C2F-5482-443D-A381-6CA0AE8BC41B}.Release|Any CPU.Build.0 = Release|Any CPU
	EndGlobalSection
	GlobalSection(SolutionProperties) = preSolution
		HideSolutionNode = FALSE
	EndGlobalSection
	GlobalSection(ExtensibilityGlobals) = postSolution
		SolutionGuid = {9B7A9DAC-0760-404B-BDAD-566A8CBBF0EF}
	EndGlobalSection
EndGlobal
